
Microsoft Visual Studio Solution File, Format Version 12.00
# Visual Studio Version 17
VisualStudioVersion = 17.7.34009.444
MinimumVisualStudioVersion = 10.0.40219.1
Project("{FAE04EC0-301F-11D3-BF4B-00C04F79EFBC}") = "Task1MakeChoise", "Task1MakeChoise\Task1MakeChoise.csproj", "{631DF7EB-6D86-49F3-B836-FCEA86AD2BCB}"
EndProject
Project("{FAE04EC0-301F-11D3-BF4B-00C04F79EFBC}") = "Task2Arrays", "Task2Arrays\Task2Arrays.csproj", "{41B5EF70-FEBE-4A9C-BBD9-B5F81D5471DF}"
EndProject
Project("{FAE04EC0-301F-11D3-BF4B-00C04F79EFBC}") = "Task3VendingMachine", "Task3VendingMachine\Task3VendingMachine.csproj", "{C530C047-3970-42B3-BFE5-1D54B3421B22}"
EndProject
Project("{FAE04EC0-301F-11D3-BF4B-00C04F79EFBC}") = "Task2UsingMethods", "Task2UsingMethods\Task2UsingMethods.csproj", "{2CCC06C7-ECB1-447D-8562-C2A8E74CF890}"
EndProject
Project("{FAE04EC0-301F-11D3-BF4B-00C04F79EFBC}") = "Task4SoccerTeam", "Task4SoccerTeam\Task4SoccerTeam.csproj", "{67AFE6E0-3A42-418F-8AF4-9BF746098493}"
EndProject
Project("{FAE04EC0-301F-11D3-BF4B-00C04F79EFBC}") = "Task4Dictionary", "Task4Dictionary\Task4Dictionary.csproj", "{7AFD260F-8F16-48EC-B598-BFEFE4E07218}"
EndProject
Project("{FAE04EC0-301F-11D3-BF4B-00C04F79EFBC}") = "Task5OperatorsVillage", "Task5Operators\Task5OperatorsVillage.csproj", "{978D87FD-8318-41BB-A10E-562F85B25C9E}"
EndProject
Project("{FAE04EC0-301F-11D3-BF4B-00C04F79EFBC}") = "Task5OperatorsArray", "Task5OperatorsArray\Task5OperatorsArray.csproj", "{1D2E1DDD-03FA-48E2-8A7F-A9AD66D561FD}"
EndProject
Global
	GlobalSection(SolutionConfigurationPlatforms) = preSolution
		Debug|Any CPU = Debug|Any CPU
		Release|Any CPU = Release|Any CPU
	EndGlobalSection
	GlobalSection(ProjectConfigurationPlatforms) = postSolution
		{631DF7EB-6D86-49F3-B836-FCEA86AD2BCB}.Debug|Any CPU.ActiveCfg = Debug|Any CPU
		{631DF7EB-6D86-49F3-B836-FCEA86AD2BCB}.Debug|Any CPU.Build.0 = Debug|Any CPU
		{631DF7EB-6D86-49F3-B836-FCEA86AD2BCB}.Release|Any CPU.ActiveCfg = Release|Any CPU
		{631DF7EB-6D86-49F3-B836-FCEA86AD2BCB}.Release|Any CPU.Build.0 = Release|Any CPU
		{41B5EF70-FEBE-4A9C-BBD9-B5F81D5471DF}.Debug|Any CPU.ActiveCfg = Debug|Any CPU
		{41B5EF70-FEBE-4A9C-BBD9-B5F81D5471DF}.Debug|Any CPU.Build.0 = Debug|Any CPU
		{41B5EF70-FEBE-4A9C-BBD9-B5F81D5471DF}.Release|Any CPU.ActiveCfg = Release|Any CPU
		{41B5EF70-FEBE-4A9C-BBD9-B5F81D5471DF}.Release|Any CPU.Build.0 = Release|Any CPU
		{C530C047-3970-42B3-BFE5-1D54B3421B22}.Debug|Any CPU.ActiveCfg = Debug|Any CPU
		{C530C047-3970-42B3-BFE5-1D54B3421B22}.Debug|Any CPU.Build.0 = Debug|Any CPU
		{C530C047-3970-42B3-BFE5-1D54B3421B22}.Release|Any CPU.ActiveCfg = Release|Any CPU
		{C530C047-3970-42B3-BFE5-1D54B3421B22}.Release|Any CPU.Build.0 = Release|Any CPU
		{2CCC06C7-ECB1-447D-8562-C2A8E74CF890}.Debug|Any CPU.ActiveCfg = Debug|Any CPU
		{2CCC06C7-ECB1-447D-8562-C2A8E74CF890}.Debug|Any CPU.Build.0 = Debug|Any CPU
		{2CCC06C7-ECB1-447D-8562-C2A8E74CF890}.Release|Any CPU.ActiveCfg = Release|Any CPU
		{2CCC06C7-ECB1-447D-8562-C2A8E74CF890}.Release|Any CPU.Build.0 = Release|Any CPU
		{67AFE6E0-3A42-418F-8AF4-9BF746098493}.Debug|Any CPU.ActiveCfg = Debug|Any CPU
		{67AFE6E0-3A42-418F-8AF4-9BF746098493}.Debug|Any CPU.Build.0 = Debug|Any CPU
		{67AFE6E0-3A42-418F-8AF4-9BF746098493}.Release|Any CPU.ActiveCfg = Release|Any CPU
		{67AFE6E0-3A42-418F-8AF4-9BF746098493}.Release|Any CPU.Build.0 = Release|Any CPU
		{7AFD260F-8F16-48EC-B598-BFEFE4E07218}.Debug|Any CPU.ActiveCfg = Debug|Any CPU
		{7AFD260F-8F16-48EC-B598-BFEFE4E07218}.Debug|Any CPU.Build.0 = Debug|Any CPU
		{7AFD260F-8F16-48EC-B598-BFEFE4E07218}.Release|Any CPU.ActiveCfg = Release|Any CPU
		{7AFD260F-8F16-48EC-B598-BFEFE4E07218}.Release|Any CPU.Build.0 = Release|Any CPU
		{978D87FD-8318-41BB-A10E-562F85B25C9E}.Debug|Any CPU.ActiveCfg = Debug|Any CPU
		{978D87FD-8318-41BB-A10E-562F85B25C9E}.Debug|Any CPU.Build.0 = Debug|Any CPU
		{978D87FD-8318-41BB-A10E-562F85B25C9E}.Release|Any CPU.ActiveCfg = Release|Any CPU
		{978D87FD-8318-41BB-A10E-562F85B25C9E}.Release|Any CPU.Build.0 = Release|Any CPU
		{1D2E1DDD-03FA-48E2-8A7F-A9AD66D561FD}.Debug|Any CPU.ActiveCfg = Debug|Any CPU
		{1D2E1DDD-03FA-48E2-8A7F-A9AD66D561FD}.Debug|Any CPU.Build.0 = Debug|Any CPU
		{1D2E1DDD-03FA-48E2-8A7F-A9AD66D561FD}.Release|Any CPU.ActiveCfg = Release|Any CPU
		{1D2E1DDD-03FA-48E2-8A7F-A9AD66D561FD}.Release|Any CPU.Build.0 = Release|Any CPU
	EndGlobalSection
	GlobalSection(SolutionProperties) = preSolution
		HideSolutionNode = FALSE
	EndGlobalSection
	GlobalSection(ExtensibilityGlobals) = postSolution
		SolutionGuid = {95F0C35A-A9C1-4F6A-AA1A-5911291F4412}
	EndGlobalSection
EndGlobal
